#MicroXplorer Configuration settings - do not modify
CAD.formats=
CAD.pinconfig=
CAD.provider=
File.Version=6
GPIO.groupedBy=Group By Peripherals
KeepUserPlacement=false
Mcu.CPN=STM32F407VGT6
Mcu.Family=STM32F4
Mcu.IP0=I2C2
Mcu.IP1=NVIC
Mcu.IP2=RCC
Mcu.IP3=SYS
Mcu.IP4=TIM1
Mcu.IP5=TIM2
Mcu.IP6=TIM8
Mcu.IP7=USART1
Mcu.IP8=USART2
Mcu.IP9=USART3
Mcu.IPNb=10
Mcu.Name=STM32F407V(E-G)Tx
Mcu.Package=LQFP100
Mcu.Pin0=PE2
Mcu.Pin1=PE3
Mcu.Pin10=PC0
Mcu.Pin11=PC1
Mcu.Pin12=PC2
Mcu.Pin13=PC3
Mcu.Pin14=PA0-WKUP
Mcu.Pin15=PA1
Mcu.Pin16=PA3
Mcu.Pin17=PC4
Mcu.Pin18=PC5
Mcu.Pin19=PB0
Mcu.Pin2=PE4
Mcu.Pin20=PB1
Mcu.Pin21=PE8
Mcu.Pin22=PE9
Mcu.Pin23=PE10
Mcu.Pin24=PE11
Mcu.Pin25=PE12
Mcu.Pin26=PE13
Mcu.Pin27=PE14
Mcu.Pin28=PB10
Mcu.Pin29=PB11
Mcu.Pin3=PE5
Mcu.Pin30=PD12
Mcu.Pin31=PD13
Mcu.Pin32=PD14
Mcu.Pin33=PD15
Mcu.Pin34=PC6
Mcu.Pin35=PC7
Mcu.Pin36=PC8
Mcu.Pin37=PC9
Mcu.Pin38=PA10
Mcu.Pin39=PA14
Mcu.Pin4=PE6
Mcu.Pin40=PA15
Mcu.Pin41=PC10
Mcu.Pin42=PC11
Mcu.Pin43=PC12
Mcu.Pin44=PD0
Mcu.Pin45=PD1
Mcu.Pin46=PD2
Mcu.Pin47=PD3
Mcu.Pin48=PD4
Mcu.Pin49=PD5
Mcu.Pin5=PC13-ANTI_TAMP
Mcu.Pin50=PD6
Mcu.Pin51=PB3
Mcu.Pin52=PB4
Mcu.Pin53=PB5
Mcu.Pin54=PB6
Mcu.Pin55=PB7
Mcu.Pin56=PE0
Mcu.Pin57=PE1
Mcu.Pin58=VP_SYS_VS_Systick
Mcu.Pin59=VP_TIM1_VS_ClockSourceINT
Mcu.Pin6=PC14-OSC32_IN
Mcu.Pin60=VP_TIM2_VS_ClockSourceINT
Mcu.Pin61=VP_TIM8_VS_ClockSourceINT
Mcu.Pin7=PC15-OSC32_OUT
Mcu.Pin8=PH0-OSC_IN
Mcu.Pin9=PH1-OSC_OUT
Mcu.PinsNb=62
Mcu.ThirdPartyNb=0
Mcu.UserConstants=
Mcu.UserName=STM32F407VGTx
MxCube.Version=6.11.0
MxDb.Version=DB.6.0.110
NVIC.BusFault_IRQn=true\:0\:0\:false\:false\:true\:true\:false\:false
NVIC.DebugMonitor_IRQn=true\:0\:0\:false\:false\:true\:true\:false\:false
NVIC.EXTI0_IRQn=true\:0\:0\:false\:false\:true\:true\:true\:true
NVIC.EXTI15_10_IRQn=true\:0\:0\:false\:false\:true\:true\:true\:true
NVIC.EXTI1_IRQn=true\:0\:0\:false\:false\:true\:true\:true\:true
NVIC.EXTI2_IRQn=true\:0\:0\:false\:false\:true\:true\:true\:true
NVIC.EXTI3_IRQn=true\:0\:0\:false\:false\:true\:true\:true\:true
NVIC.EXTI9_5_IRQn=true\:0\:0\:false\:false\:true\:true\:true\:true
NVIC.ForceEnableDMAVector=true
NVIC.HardFault_IRQn=true\:0\:0\:false\:false\:true\:true\:false\:false
NVIC.MemoryManagement_IRQn=true\:0\:0\:false\:false\:true\:true\:false\:false
NVIC.NonMaskableInt_IRQn=true\:0\:0\:false\:false\:true\:true\:false\:false
NVIC.PendSV_IRQn=true\:0\:0\:false\:false\:true\:true\:false\:false
NVIC.PriorityGroup=NVIC_PRIORITYGROUP_0
NVIC.SVCall_IRQn=true\:0\:0\:false\:false\:true\:true\:false\:false
NVIC.SysTick_IRQn=true\:0\:0\:false\:false\:true\:true\:true\:false
NVIC.TIM1_CC_IRQn=true\:0\:0\:false\:false\:true\:true\:true\:true
NVIC.TIM2_IRQn=true\:0\:0\:false\:false\:true\:true\:true\:true
NVIC.TIM8_CC_IRQn=true\:0\:0\:false\:false\:true\:true\:true\:true
NVIC.USART1_IRQn=true\:0\:0\:false\:false\:true\:true\:true\:true
NVIC.USART2_IRQn=true\:0\:0\:false\:false\:true\:true\:true\:true
NVIC.USART3_IRQn=true\:0\:0\:false\:false\:true\:true\:true\:true
NVIC.UsageFault_IRQn=true\:0\:0\:false\:false\:true\:true\:false\:false
PA0-WKUP.GPIOParameters=GPIO_PuPd,GPIO_Label,GPIO_ModeDefaultEXTI
PA0-WKUP.GPIO_Label=EinB_2
PA0-WKUP.GPIO_ModeDefaultEXTI=GPIO_MODE_IT_RISING
PA0-WKUP.GPIO_PuPd=GPIO_PULLUP
PA0-WKUP.Locked=true
PA0-WKUP.Signal=GPXTI0
PA1.GPIOParameters=GPIO_PuPd,GPIO_Label
PA1.GPIO_Label=EinA_2
PA1.GPIO_PuPd=GPIO_PULLUP
PA1.Locked=true
PA1.Signal=GPIO_Input
PA10.GPIOParameters=GPIO_PuPd,GPIO_Label
PA10.GPIO_Label=EinA_4
PA10.GPIO_PuPd=GPIO_PULLUP
PA10.Locked=true
PA10.Signal=GPIO_Input
PA14.GPIOParameters=GPIO_PuPd,GPIO_Label
PA14.GPIO_Label=EinB_4
PA14.GPIO_PuPd=GPIO_PULLUP
PA14.Locked=true
PA14.Signal=GPXTI14
PA15.GPIOParameters=GPIO_PuPd,GPIO_Label,GPIO_Mode
PA15.GPIO_Label=EA_1
PA15.GPIO_Mode=GPIO_MODE_INPUT
PA15.GPIO_PuPd=GPIO_PULLUP
PA15.Locked=true
PA15.Signal=GPIO_Input
PA3.GPIOParameters=GPIO_ModeDefaultPP,GPIO_Speed,GPIO_PuPd
PA3.GPIO_ModeDefaultPP=GPIO_MODE_AF_OD
PA3.GPIO_PuPd=GPIO_PULLDOWN
PA3.GPIO_Speed=GPIO_SPEED_FREQ_VERY_HIGH
PA3.Signal=S_TIM2_CH4
PB0.GPIOParameters=GPIO_Speed,GPIO_PuPd,GPIO_ModeDefaultOutputPP
PB0.GPIO_ModeDefaultOutputPP=GPIO_MODE_OUTPUT_OD
PB0.GPIO_PuPd=GPIO_NOPULL
PB0.GPIO_Speed=GPIO_SPEED_FREQ_VERY_HIGH
PB0.Locked=true
PB0.Signal=GPIO_Output
PB1.GPIOParameters=GPIO_Speed,GPIO_PuPd,GPIO_ModeDefaultOutputPP
PB1.GPIO_ModeDefaultOutputPP=GPIO_MODE_OUTPUT_OD
PB1.GPIO_PuPd=GPIO_NOPULL
PB1.GPIO_Speed=GPIO_SPEED_FREQ_VERY_HIGH
PB1.Locked=true
PB1.Signal=GPIO_Output
PB10.Mode=I2C
PB10.Signal=I2C2_SCL
PB11.Mode=I2C
PB11.Signal=I2C2_SDA
PB3.GPIOParameters=GPIO_PuPd,GPIO_Label,GPIO_ModeDefaultEXTI
PB3.GPIO_Label=EB_1
PB3.GPIO_ModeDefaultEXTI=GPIO_MODE_IT_RISING
PB3.GPIO_PuPd=GPIO_PULLUP
PB3.Locked=true
PB3.Signal=GPXTI3
PB4.GPIOParameters=GPIO_PuPd,GPIO_Label,GPIO_Mode
PB4.GPIO_Label=EA_3
PB4.GPIO_Mode=GPIO_MODE_INPUT
PB4.GPIO_PuPd=GPIO_PULLUP
PB4.Locked=true
PB4.Signal=GPIO_Input
PB5.GPIOParameters=GPIO_PuPd,GPIO_Label,GPIO_ModeDefaultEXTI
PB5.GPIO_Label=EB_3
PB5.GPIO_ModeDefaultEXTI=GPIO_MODE_IT_RISING
PB5.GPIO_PuPd=GPIO_PULLUP
PB5.Locked=true
PB5.Signal=GPXTI5
PB6.Locked=true
PB6.Mode=Asynchronous
PB6.Signal=USART1_TX
PB7.Locked=true
PB7.Mode=Asynchronous
PB7.Signal=USART1_RX
PC0.GPIOParameters=GPIO_PuPd,GPIO_Label
PC0.GPIO_Label=EA_2
PC0.GPIO_PuPd=GPIO_PULLUP
PC0.Locked=true
PC0.Signal=GPIO_Input
PC1.GPIOParameters=GPIO_PuPd,GPIO_Label,GPIO_ModeDefaultEXTI
PC1.GPIO_Label=EB_2
PC1.GPIO_ModeDefaultEXTI=GPIO_MODE_IT_RISING
PC1.GPIO_PuPd=GPIO_PULLUP
PC1.Locked=true
PC1.Signal=GPXTI1
PC10.Locked=true
PC10.Mode=Asynchronous
PC10.Signal=USART3_TX
PC11.Locked=true
PC11.Mode=Asynchronous
PC11.Signal=USART3_RX
PC12.GPIOParameters=GPIO_Speed,PinState,GPIO_PuPd,GPIO_ModeDefaultOutputPP
PC12.GPIO_ModeDefaultOutputPP=GPIO_MODE_OUTPUT_OD
PC12.GPIO_PuPd=GPIO_NOPULL
PC12.GPIO_Speed=GPIO_SPEED_FREQ_VERY_HIGH
PC12.Locked=true
PC12.PinState=GPIO_PIN_RESET
PC12.Signal=GPIO_Output
PC13-ANTI_TAMP.GPIOParameters=PinState,GPIO_PuPd,GPIO_ModeDefaultOutputPP
PC13-ANTI_TAMP.GPIO_ModeDefaultOutputPP=GPIO_MODE_OUTPUT_OD
PC13-ANTI_TAMP.GPIO_PuPd=GPIO_NOPULL
PC13-ANTI_TAMP.Locked=true
PC13-ANTI_TAMP.PinState=GPIO_PIN_RESET
PC13-ANTI_TAMP.Signal=GPIO_Output
PC14-OSC32_IN.GPIOParameters=GPIO_PuPd,GPIO_ModeDefaultOutputPP
PC14-OSC32_IN.GPIO_ModeDefaultOutputPP=GPIO_MODE_OUTPUT_OD
PC14-OSC32_IN.GPIO_PuPd=GPIO_NOPULL
PC14-OSC32_IN.Locked=true
PC14-OSC32_IN.Signal=GPIO_Output
PC15-OSC32_OUT.GPIOParameters=GPIO_PuPd,GPIO_ModeDefaultOutputPP
PC15-OSC32_OUT.GPIO_ModeDefaultOutputPP=GPIO_MODE_OUTPUT_OD
PC15-OSC32_OUT.GPIO_PuPd=GPIO_NOPULL
PC15-OSC32_OUT.Locked=true
PC15-OSC32_OUT.Signal=GPIO_Output
PC2.GPIOParameters=GPIO_PuPd,GPIO_Label,GPIO_ModeDefaultEXTI
PC2.GPIO_Label=EinB_1
PC2.GPIO_ModeDefaultEXTI=GPIO_MODE_IT_RISING
PC2.GPIO_PuPd=GPIO_PULLUP
PC2.Locked=true
PC2.Signal=GPXTI2
PC3.GPIOParameters=GPIO_PuPd,GPIO_Label
PC3.GPIO_Label=EinA_1
PC3.GPIO_PuPd=GPIO_PULLUP
PC3.Locked=true
PC3.Signal=GPIO_Input
PC4.GPIOParameters=GPIO_Speed,PinState,GPIO_PuPd,GPIO_ModeDefaultOutputPP
PC4.GPIO_ModeDefaultOutputPP=GPIO_MODE_OUTPUT_OD
PC4.GPIO_PuPd=GPIO_NOPULL
PC4.GPIO_Speed=GPIO_SPEED_FREQ_VERY_HIGH
PC4.Locked=true
PC4.PinState=GPIO_PIN_RESET
PC4.Signal=GPIO_Output
PC5.GPIOParameters=GPIO_Speed,PinState,GPIO_PuPd,GPIO_ModeDefaultOutputPP
PC5.GPIO_ModeDefaultOutputPP=GPIO_MODE_OUTPUT_OD
PC5.GPIO_PuPd=GPIO_NOPULL
PC5.GPIO_Speed=GPIO_SPEED_FREQ_VERY_HIGH
PC5.Locked=true
PC5.PinState=GPIO_PIN_RESET
PC5.Signal=GPIO_Output
PC6.GPIOParameters=GPIO_ModeDefaultPP,GPIO_Speed,GPIO_PuPd
PC6.GPIO_ModeDefaultPP=GPIO_MODE_AF_OD
PC6.GPIO_PuPd=GPIO_PULLDOWN
PC6.GPIO_Speed=GPIO_SPEED_FREQ_VERY_HIGH
PC6.Signal=S_TIM8_CH1
PC7.GPIOParameters=GPIO_ModeDefaultPP,GPIO_Speed,GPIO_PuPd
PC7.GPIO_ModeDefaultPP=GPIO_MODE_AF_OD
PC7.GPIO_PuPd=GPIO_PULLDOWN
PC7.GPIO_Speed=GPIO_SPEED_FREQ_VERY_HIGH
PC7.Signal=S_TIM8_CH2
PC8.GPIOParameters=GPIO_ModeDefaultPP,GPIO_Speed,GPIO_PuPd
PC8.GPIO_ModeDefaultPP=GPIO_MODE_AF_OD
PC8.GPIO_PuPd=GPIO_PULLDOWN
PC8.GPIO_Speed=GPIO_SPEED_FREQ_VERY_HIGH
PC8.Signal=S_TIM8_CH3
PC9.GPIOParameters=GPIO_ModeDefaultPP,GPIO_Speed,GPIO_PuPd
PC9.GPIO_ModeDefaultPP=GPIO_MODE_AF_OD
PC9.GPIO_PuPd=GPIO_PULLDOWN
PC9.GPIO_Speed=GPIO_SPEED_FREQ_VERY_HIGH
PC9.Signal=S_TIM8_CH4
PD0.GPIOParameters=GPIO_Speed,PinState,GPIO_PuPd,GPIO_ModeDefaultOutputPP
PD0.GPIO_ModeDefaultOutputPP=GPIO_MODE_OUTPUT_OD
PD0.GPIO_PuPd=GPIO_NOPULL
PD0.GPIO_Speed=GPIO_SPEED_FREQ_VERY_HIGH
PD0.Locked=true
PD0.PinState=GPIO_PIN_RESET
PD0.Signal=GPIO_Output
PD1.GPIOParameters=GPIO_Speed,PinState,GPIO_PuPd,GPIO_ModeDefaultOutputPP
PD1.GPIO_ModeDefaultOutputPP=GPIO_MODE_OUTPUT_OD
PD1.GPIO_PuPd=GPIO_NOPULL
PD1.GPIO_Speed=GPIO_SPEED_FREQ_VERY_HIGH
PD1.Locked=true
PD1.PinState=GPIO_PIN_RESET
PD1.Signal=GPIO_Output
PD12.GPIOParameters=GPIO_PuPd,GPIO_Label
PD12.GPIO_Label=EinA_3
PD12.GPIO_PuPd=GPIO_PULLUP
PD12.Locked=true
PD12.Signal=GPIO_Input
PD13.GPIOParameters=GPIO_PuPd,GPIO_Label,GPIO_ModeDefaultEXTI
PD13.GPIO_Label=EinB_3
PD13.GPIO_ModeDefaultEXTI=GPIO_MODE_IT_RISING
PD13.GPIO_PuPd=GPIO_PULLUP
PD13.Locked=true
PD13.Signal=GPXTI13
PD14.GPIOParameters=GPIO_PuPd
PD14.GPIO_PuPd=GPIO_PULLDOWN
PD14.Locked=true
PD14.Signal=GPIO_Output
PD15.GPIOParameters=GPIO_PuPd,GPIO_Label,GPIO_ModeDefaultEXTI
PD15.GPIO_Label=Button_4
PD15.GPIO_ModeDefaultEXTI=GPIO_MODE_IT_FALLING
PD15.GPIO_PuPd=GPIO_PULLUP
PD15.Locked=true
PD15.Signal=GPXTI15
PD2.GPIOParameters=GPIO_Speed,PinState,GPIO_PuPd,GPIO_ModeDefaultOutputPP
PD2.GPIO_ModeDefaultOutputPP=GPIO_MODE_OUTPUT_OD
PD2.GPIO_PuPd=GPIO_NOPULL
PD2.GPIO_Speed=GPIO_SPEED_FREQ_VERY_HIGH
PD2.Locked=true
PD2.PinState=GPIO_PIN_RESET
PD2.Signal=GPIO_Output
PD3.GPIOParameters=GPIO_PuPd,GPIO_ModeDefaultOutputPP
PD3.GPIO_ModeDefaultOutputPP=GPIO_MODE_OUTPUT_OD
PD3.GPIO_PuPd=GPIO_NOPULL
PD3.Locked=true
PD3.Signal=GPIO_Output
PD4.GPIOParameters=GPIO_PuPd,GPIO_ModeDefaultOutputPP
PD4.GPIO_ModeDefaultOutputPP=GPIO_MODE_OUTPUT_OD
PD4.GPIO_PuPd=GPIO_NOPULL
PD4.Locked=true
PD4.Signal=GPIO_Output
PD5.Mode=Asynchronous
PD5.Signal=USART2_TX
PD6.Mode=Asynchronous
PD6.Signal=USART2_RX
PE0.GPIOParameters=GPIO_Speed,PinState,GPIO_PuPd,GPIO_ModeDefaultOutputPP
PE0.GPIO_ModeDefaultOutputPP=GPIO_MODE_OUTPUT_OD
PE0.GPIO_PuPd=GPIO_NOPULL
PE0.GPIO_Speed=GPIO_SPEED_FREQ_LOW
PE0.Locked=true
PE0.PinState=GPIO_PIN_RESET
PE0.Signal=GPIO_Output
PE1.GPIOParameters=GPIO_Speed,PinState,GPIO_PuPd,GPIO_ModeDefaultOutputPP
PE1.GPIO_ModeDefaultOutputPP=GPIO_MODE_OUTPUT_OD
PE1.GPIO_PuPd=GPIO_NOPULL
PE1.GPIO_Speed=GPIO_SPEED_FREQ_LOW
PE1.Locked=true
PE1.PinState=GPIO_PIN_RESET
PE1.Signal=GPIO_Output
PE10.GPIOParameters=GPIO_PuPd,GPIO_Label,GPIO_ModeDefaultEXTI
PE10.GPIO_Label=Button_2
PE10.GPIO_ModeDefaultEXTI=GPIO_MODE_IT_FALLING
PE10.GPIO_PuPd=GPIO_PULLUP
PE10.Locked=true
PE10.Signal=GPXTI10
PE11.GPIOParameters=GPIO_ModeDefaultPP,GPIO_Speed,GPIO_PuPd
PE11.GPIO_ModeDefaultPP=GPIO_MODE_AF_OD
PE11.GPIO_PuPd=GPIO_PULLDOWN
PE11.GPIO_Speed=GPIO_SPEED_FREQ_VERY_HIGH
PE11.Signal=S_TIM1_CH2
PE12.GPIOParameters=GPIO_PuPd,GPIO_Label,GPIO_ModeDefaultEXTI
PE12.GPIO_Label=Button_3
PE12.GPIO_ModeDefaultEXTI=GPIO_MODE_IT_FALLING
PE12.GPIO_PuPd=GPIO_PULLUP
PE12.Locked=true
PE12.Signal=GPXTI12
PE13.GPIOParameters=GPIO_ModeDefaultPP,GPIO_Speed,GPIO_PuPd
PE13.GPIO_ModeDefaultPP=GPIO_MODE_AF_OD
PE13.GPIO_PuPd=GPIO_PULLDOWN
PE13.GPIO_Speed=GPIO_SPEED_FREQ_VERY_HIGH
PE13.Signal=S_TIM1_CH3
PE14.GPIOParameters=GPIO_ModeDefaultPP,GPIO_Speed,GPIO_PuPd
PE14.GPIO_ModeDefaultPP=GPIO_MODE_AF_OD
PE14.GPIO_PuPd=GPIO_PULLDOWN
PE14.GPIO_Speed=GPIO_SPEED_FREQ_VERY_HIGH
PE14.Signal=S_TIM1_CH4
PE2.GPIOParameters=GPIO_Speed,GPIO_PuPd,GPIO_ModeDefaultOutputPP
PE2.GPIO_ModeDefaultOutputPP=GPIO_MODE_OUTPUT_OD
PE2.GPIO_PuPd=GPIO_NOPULL
PE2.GPIO_Speed=GPIO_SPEED_FREQ_VERY_HIGH
PE2.Locked=true
PE2.Signal=GPIO_Output
PE3.GPIOParameters=GPIO_Speed,GPIO_PuPd,GPIO_ModeDefaultOutputPP
PE3.GPIO_ModeDefaultOutputPP=GPIO_MODE_OUTPUT_OD
PE3.GPIO_PuPd=GPIO_NOPULL
PE3.GPIO_Speed=GPIO_SPEED_FREQ_VERY_HIGH
PE3.Locked=true
PE3.Signal=GPIO_Output
PE4.GPIOParameters=GPIO_Speed,PinState,GPIO_PuPd,GPIO_ModeDefaultOutputPP
PE4.GPIO_ModeDefaultOutputPP=GPIO_MODE_OUTPUT_OD
PE4.GPIO_PuPd=GPIO_NOPULL
PE4.GPIO_Speed=GPIO_SPEED_FREQ_LOW
PE4.Locked=true
PE4.PinState=GPIO_PIN_RESET
PE4.Signal=GPIO_Output
PE5.GPIOParameters=GPIO_Speed,PinState,GPIO_PuPd,GPIO_ModeDefaultOutputPP
PE5.GPIO_ModeDefaultOutputPP=GPIO_MODE_OUTPUT_OD
PE5.GPIO_PuPd=GPIO_NOPULL
PE5.GPIO_Speed=GPIO_SPEED_FREQ_LOW
PE5.Locked=true
PE5.PinState=GPIO_PIN_RESET
PE5.Signal=GPIO_Output
PE6.GPIOParameters=GPIO_Speed,PinState,GPIO_PuPd,GPIO_ModeDefaultOutputPP
PE6.GPIO_ModeDefaultOutputPP=GPIO_MODE_OUTPUT_OD
PE6.GPIO_PuPd=GPIO_NOPULL
PE6.GPIO_Speed=GPIO_SPEED_FREQ_LOW
PE6.Locked=true
PE6.PinState=GPIO_PIN_RESET
PE6.Signal=GPIO_Output
PE8.GPIOParameters=GPIO_PuPd,GPIO_Label,GPIO_ModeDefaultEXTI
PE8.GPIO_Label=Button_1
PE8.GPIO_ModeDefaultEXTI=GPIO_MODE_IT_FALLING
PE8.GPIO_PuPd=GPIO_PULLUP
PE8.Locked=true
PE8.Signal=GPXTI8
PE9.GPIOParameters=GPIO_ModeDefaultPP,GPIO_Speed,GPIO_PuPd
PE9.GPIO_ModeDefaultPP=GPIO_MODE_AF_OD
PE9.GPIO_PuPd=GPIO_PULLDOWN
PE9.GPIO_Speed=GPIO_SPEED_FREQ_VERY_HIGH
PE9.Signal=S_TIM1_CH1
PH0-OSC_IN.Mode=HSE-External-Oscillator
PH0-OSC_IN.Signal=RCC_OSC_IN
PH1-OSC_OUT.Mode=HSE-External-Oscillator
PH1-OSC_OUT.Signal=RCC_OSC_OUT
PinOutPanel.RotationAngle=0
ProjectManager.AskForMigrate=true
ProjectManager.BackupPrevious=false
ProjectManager.CompilerOptimize=6
ProjectManager.ComputerToolchain=false
ProjectManager.CoupleFile=false
ProjectManager.CustomerFirmwarePackage=
ProjectManager.DefaultFWLocation=true
ProjectManager.DeletePrevious=true
ProjectManager.DeviceId=STM32F407VGTx
ProjectManager.FirmwarePackage=STM32Cube FW_F4 V1.28.0
ProjectManager.FreePins=false
ProjectManager.HalAssertFull=false
ProjectManager.HeapSize=0x200
ProjectManager.KeepUserCode=true
ProjectManager.LastFirmware=true
ProjectManager.LibraryCopy=1
ProjectManager.MainLocation=Core/Src
ProjectManager.NoMain=false
ProjectManager.PreviousToolchain=
ProjectManager.ProjectBuild=false
ProjectManager.ProjectFileName=R2_Farmer.ioc
ProjectManager.ProjectName=R2_Farmer
ProjectManager.ProjectStructure=
ProjectManager.RegisterCallBack=
ProjectManager.StackSize=0x400
ProjectManager.TargetToolchain=STM32CubeIDE
ProjectManager.ToolChainLocation=
ProjectManager.UAScriptAfterPath=
ProjectManager.UAScriptBeforePath=
ProjectManager.UnderRoot=true
ProjectManager.functionlistsort=1-SystemClock_Config-RCC-false-HAL-false,2-MX_GPIO_Init-GPIO-false-HAL-true,3-MX_I2C2_Init-I2C2-false-HAL-true,4-MX_TIM1_Init-TIM1-false-HAL-true,5-MX_TIM2_Init-TIM2-false-HAL-true,6-MX_TIM8_Init-TIM8-false-HAL-true,7-MX_USART1_UART_Init-USART1-false-HAL-true,8-MX_USART2_UART_Init-USART2-false-HAL-true,9-MX_USART3_UART_Init-USART3-false-HAL-true
RCC.48MHZClocksFreq_Value=48000000
RCC.AHBFreq_Value=168000000
RCC.APB1CLKDivider=RCC_HCLK_DIV4
RCC.APB1Freq_Value=42000000
RCC.APB1TimFreq_Value=84000000
RCC.APB2CLKDivider=RCC_HCLK_DIV2
RCC.APB2Freq_Value=84000000
RCC.APB2TimFreq_Value=168000000
RCC.CortexFreq_Value=168000000
RCC.EthernetFreq_Value=168000000
RCC.FCLKCortexFreq_Value=168000000
RCC.FamilyName=M
RCC.HCLKFreq_Value=168000000
RCC.HSE_VALUE=8000000
RCC.HSI_VALUE=16000000
RCC.I2SClocksFreq_Value=96000000
RCC.IPParameters=48MHZClocksFreq_Value,AHBFreq_Value,APB1CLKDivider,APB1Freq_Value,APB1TimFreq_Value,APB2CLKDivider,APB2Freq_Value,APB2TimFreq_Value,CortexFreq_Value,EthernetFreq_Value,FCLKCortexFreq_Value,FamilyName,HCLKFreq_Value,HSE_VALUE,HSI_VALUE,I2SClocksFreq_Value,LSE_VALUE,LSI_VALUE,MCO2PinFreq_Value,PLLCLKFreq_Value,PLLM,PLLN,PLLQ,PLLQCLKFreq_Value,PLLSourceVirtual,RTCFreq_Value,RTCHSEDivFreq_Value,SYSCLKFreq_VALUE,SYSCLKSource,VCOI2SOutputFreq_Value,VCOInputFreq_Value,VCOOutputFreq_Value,VcooutputI2S
RCC.LSE_VALUE=32768
RCC.LSI_VALUE=32000
RCC.MCO2PinFreq_Value=168000000
RCC.PLLCLKFreq_Value=168000000
RCC.PLLM=8
RCC.PLLN=336
RCC.PLLQ=7
RCC.PLLQCLKFreq_Value=48000000
RCC.PLLSourceVirtual=RCC_PLLSOURCE_HSE
RCC.RTCFreq_Value=32000
RCC.RTCHSEDivFreq_Value=4000000
RCC.SYSCLKFreq_VALUE=168000000
RCC.SYSCLKSource=RCC_SYSCLKSOURCE_PLLCLK
RCC.VCOI2SOutputFreq_Value=192000000
RCC.VCOInputFreq_Value=1000000
RCC.VCOOutputFreq_Value=336000000
RCC.VcooutputI2S=96000000
SH.GPXTI0.0=GPIO_EXTI0
SH.GPXTI0.ConfNb=1
SH.GPXTI1.0=GPIO_EXTI1
SH.GPXTI1.ConfNb=1
SH.GPXTI10.0=GPIO_EXTI10
SH.GPXTI10.ConfNb=1
SH.GPXTI12.0=GPIO_EXTI12
SH.GPXTI12.ConfNb=1
SH.GPXTI13.0=GPIO_EXTI13
SH.GPXTI13.ConfNb=1
SH.GPXTI14.0=GPIO_EXTI14
SH.GPXTI14.ConfNb=1
SH.GPXTI15.0=GPIO_EXTI15
SH.GPXTI15.ConfNb=1
SH.GPXTI2.0=GPIO_EXTI2
SH.GPXTI2.ConfNb=1
SH.GPXTI3.0=GPIO_EXTI3
SH.GPXTI3.ConfNb=1
SH.GPXTI5.0=GPIO_EXTI5
SH.GPXTI5.ConfNb=1
SH.GPXTI8.0=GPIO_EXTI8
SH.GPXTI8.ConfNb=1
SH.S_TIM1_CH1.0=TIM1_CH1,PWM Generation1 CH1
SH.S_TIM1_CH1.ConfNb=1
SH.S_TIM1_CH2.0=TIM1_CH2,PWM Generation2 CH2
SH.S_TIM1_CH2.ConfNb=1
SH.S_TIM1_CH3.0=TIM1_CH3,PWM Generation3 CH3
SH.S_TIM1_CH3.ConfNb=1
SH.S_TIM1_CH4.0=TIM1_CH4,PWM Generation4 CH4
SH.S_TIM1_CH4.ConfNb=1
SH.S_TIM2_CH4.0=TIM2_CH4,PWM Generation4 CH4
SH.S_TIM2_CH4.ConfNb=1
SH.S_TIM8_CH1.0=TIM8_CH1,PWM Generation1 CH1
SH.S_TIM8_CH1.ConfNb=1
SH.S_TIM8_CH2.0=TIM8_CH2,PWM Generation2 CH2
SH.S_TIM8_CH2.ConfNb=1
SH.S_TIM8_CH3.0=TIM8_CH3,PWM Generation3 CH3
SH.S_TIM8_CH3.ConfNb=1
SH.S_TIM8_CH4.0=TIM8_CH4,PWM Generation4 CH4
SH.S_TIM8_CH4.ConfNb=1
TIM1.Channel-PWM\ Generation1\ CH1=TIM_CHANNEL_1
TIM1.Channel-PWM\ Generation2\ CH2=TIM_CHANNEL_2
TIM1.Channel-PWM\ Generation3\ CH3=TIM_CHANNEL_3
TIM1.Channel-PWM\ Generation4\ CH4=TIM_CHANNEL_4
TIM1.IPParameters=Channel-PWM Generation1 CH1,Channel-PWM Generation2 CH2,Channel-PWM Generation3 CH3,Channel-PWM Generation4 CH4,Prescaler,Period
TIM1.Period=4999
TIM1.Prescaler=33
TIM2.Channel-PWM\ Generation4\ CH4=TIM_CHANNEL_4
TIM2.IPParameters=Channel-PWM Generation4 CH4,Prescaler,Period
TIM2.Period=999
TIM2.Prescaler=1679
TIM8.Channel-PWM\ Generation1\ CH1=TIM_CHANNEL_1
TIM8.Channel-PWM\ Generation2\ CH2=TIM_CHANNEL_2
TIM8.Channel-PWM\ Generation3\ CH3=TIM_CHANNEL_3
TIM8.Channel-PWM\ Generation4\ CH4=TIM_CHANNEL_4
TIM8.IPParameters=Channel-PWM Generation1 CH1,Channel-PWM Generation2 CH2,Channel-PWM Generation3 CH3,Channel-PWM Generation4 CH4,Prescaler,Period
TIM8.Period=4999
TIM8.Prescaler=33
USART1.BaudRate=19200
USART1.IPParameters=VirtualMode,BaudRate
USART1.VirtualMode=VM_ASYNC
USART2.IPParameters=VirtualMode
USART2.VirtualMode=VM_ASYNC
USART3.BaudRate=38400
USART3.IPParameters=VirtualMode,BaudRate
USART3.VirtualMode=VM_ASYNC
VP_SYS_VS_Systick.Mode=SysTick
VP_SYS_VS_Systick.Signal=SYS_VS_Systick
VP_TIM1_VS_ClockSourceINT.Mode=Internal
VP_TIM1_VS_ClockSourceINT.Signal=TIM1_VS_ClockSourceINT
VP_TIM2_VS_ClockSourceINT.Mode=Internal
VP_TIM2_VS_ClockSourceINT.Signal=TIM2_VS_ClockSourceINT
VP_TIM8_VS_ClockSourceINT.Mode=Internal
VP_TIM8_VS_ClockSourceINT.Signal=TIM8_VS_ClockSourceINT
board=STM32F407G-DISC1
boardIOC=true
isbadioc=false
